
Microsoft Visual Studio Solution File, Format Version 12.00
# Visual Studio Version 16
VisualStudioVersion = 16.0.29509.3
MinimumVisualStudioVersion = 10.0.40219.1
Project("{9A19103F-16F7-4668-BE54-9A1E7A4F7556}") = "SportsStore.test", "SportsStore.test\SportsStore.test.csproj", "{BCEB12CF-606D-410C-8D8E-81930EF88F96}"
EndProject
Project("{FAE04EC0-301F-11D3-BF4B-00C04F79EFBC}") = "SportsStore", "SportsStore\SportsStore.csproj", "{2E87F52F-1B08-4A9F-B1FE-195040401150}"
EndProject
Global
	GlobalSection(SolutionConfigurationPlatforms) = preSolution
		Debug|Any CPU = Debug|Any CPU
		Release|Any CPU = Release|Any CPU
	EndGlobalSection
	GlobalSection(ProjectConfigurationPlatforms) = postSolution
		{BCEB12CF-606D-410C-8D8E-81930EF88F96}.Debug|Any CPU.ActiveCfg = Debug|Any CPU
		{BCEB12CF-606D-410C-8D8E-81930EF88F96}.Debug|Any CPU.Build.0 = Debug|Any CPU
		{BCEB12CF-606D-410C-8D8E-81930EF88F96}.Release|Any CPU.ActiveCfg = Release|Any CPU
		{BCEB12CF-606D-410C-8D8E-81930EF88F96}.Release|Any CPU.Build.0 = Release|Any CPU
		{2E87F52F-1B08-4A9F-B1FE-195040401150}.Debug|Any CPU.ActiveCfg = Debug|Any CPU
		{2E87F52F-1B08-4A9F-B1FE-195040401150}.Debug|Any CPU.Build.0 = Debug|Any CPU
		{2E87F52F-1B08-4A9F-B1FE-195040401150}.Release|Any CPU.ActiveCfg = Release|Any CPU
		{2E87F52F-1B08-4A9F-B1FE-195040401150}.Release|Any CPU.Build.0 = Release|Any CPU
	EndGlobalSection
	GlobalSection(SolutionProperties) = preSolution
		HideSolutionNode = FALSE
	EndGlobalSection
	GlobalSection(ExtensibilityGlobals) = postSolution
		SolutionGuid = {F42F0636-897A-4130-B154-A96F2F16279E}
	EndGlobalSection
EndGlobal
