
Microsoft Visual Studio Solution File, Format Version 12.00
# Visual Studio Version 16
VisualStudioVersion = 16.0.29519.181
MinimumVisualStudioVersion = 10.0.40219.1
Project("{FAE04EC0-301F-11D3-BF4B-00C04F79EFBC}") = "LanguageFeatures", "LanguageFeatures\LanguageFeatures.csproj", "{1407F783-E78E-421A-ADFF-7E5FCA3F016F}"
EndProject
Global
	GlobalSection(SolutionConfigurationPlatforms) = preSolution
		Debug|Any CPU = Debug|Any CPU
		Release|Any CPU = Release|Any CPU
	EndGlobalSection
	GlobalSection(ProjectConfigurationPlatforms) = postSolution
		{1407F783-E78E-421A-ADFF-7E5FCA3F016F}.Debug|Any CPU.ActiveCfg = Debug|Any CPU
		{1407F783-E78E-421A-ADFF-7E5FCA3F016F}.Debug|Any CPU.Build.0 = Debug|Any CPU
		{1407F783-E78E-421A-ADFF-7E5FCA3F016F}.Release|Any CPU.ActiveCfg = Release|Any CPU
		{1407F783-E78E-421A-ADFF-7E5FCA3F016F}.Release|Any CPU.Build.0 = Release|Any CPU
	EndGlobalSection
	GlobalSection(SolutionProperties) = preSolution
		HideSolutionNode = FALSE
	EndGlobalSection
	GlobalSection(ExtensibilityGlobals) = postSolution
		SolutionGuid = {9694149E-25CA-4AC5-A1CF-F3821753F191}
	EndGlobalSection
EndGlobal
