
Microsoft Visual Studio Solution File, Format Version 12.00
# Visual Studio Version 16
VisualStudioVersion = 16.0.29519.181
MinimumVisualStudioVersion = 10.0.40219.1
Project("{FAE04EC0-301F-11D3-BF4B-00C04F79EFBC}") = "ConfiguringApps", "ConfiguringApps\ConfiguringApps.csproj", "{C8C4EDB9-7C61-4003-87B2-B53E91D92E63}"
EndProject
Global
	GlobalSection(SolutionConfigurationPlatforms) = preSolution
		Debug|Any CPU = Debug|Any CPU
		Release|Any CPU = Release|Any CPU
	EndGlobalSection
	GlobalSection(ProjectConfigurationPlatforms) = postSolution
		{C8C4EDB9-7C61-4003-87B2-B53E91D92E63}.Debug|Any CPU.ActiveCfg = Debug|Any CPU
		{C8C4EDB9-7C61-4003-87B2-B53E91D92E63}.Debug|Any CPU.Build.0 = Debug|Any CPU
		{C8C4EDB9-7C61-4003-87B2-B53E91D92E63}.Release|Any CPU.ActiveCfg = Release|Any CPU
		{C8C4EDB9-7C61-4003-87B2-B53E91D92E63}.Release|Any CPU.Build.0 = Release|Any CPU
	EndGlobalSection
	GlobalSection(SolutionProperties) = preSolution
		HideSolutionNode = FALSE
	EndGlobalSection
	GlobalSection(ExtensibilityGlobals) = postSolution
		SolutionGuid = {5523395A-D232-4AA9-B62F-509390C3B4D1}
	EndGlobalSection
EndGlobal
