
Microsoft Visual Studio Solution File, Format Version 12.00
# Visual Studio Version 16
VisualStudioVersion = 16.0.29403.142
MinimumVisualStudioVersion = 10.0.40219.1
Project("{FAE04EC0-301F-11D3-BF4B-00C04F79EFBC}") = "Working", "Working\Working.csproj", "{9751FB5E-349D-4C96-AE5B-9CC8016F3BBA}"
EndProject
Global
	GlobalSection(SolutionConfigurationPlatforms) = preSolution
		Debug|Any CPU = Debug|Any CPU
		Release|Any CPU = Release|Any CPU
	EndGlobalSection
	GlobalSection(ProjectConfigurationPlatforms) = postSolution
		{9751FB5E-349D-4C96-AE5B-9CC8016F3BBA}.Debug|Any CPU.ActiveCfg = Debug|Any CPU
		{9751FB5E-349D-4C96-AE5B-9CC8016F3BBA}.Debug|Any CPU.Build.0 = Debug|Any CPU
		{9751FB5E-349D-4C96-AE5B-9CC8016F3BBA}.Release|Any CPU.ActiveCfg = Release|Any CPU
		{9751FB5E-349D-4C96-AE5B-9CC8016F3BBA}.Release|Any CPU.Build.0 = Release|Any CPU
	EndGlobalSection
	GlobalSection(SolutionProperties) = preSolution
		HideSolutionNode = FALSE
	EndGlobalSection
	GlobalSection(ExtensibilityGlobals) = postSolution
		SolutionGuid = {E264CCDA-BD90-41F5-A5C8-841A1103041E}
	EndGlobalSection
EndGlobal
