
Microsoft Visual Studio Solution File, Format Version 12.00
# Visual Studio Version 16
VisualStudioVersion = 16.0.29519.87
MinimumVisualStudioVersion = 10.0.40219.1
Project("{FAE04EC0-301F-11D3-BF4B-00C04F79EFBC}") = "05Razor", "05Razor\05Razor.csproj", "{B32EBF46-3DFF-49E2-9173-7CDDC59796C0}"
EndProject
Global
	GlobalSection(SolutionConfigurationPlatforms) = preSolution
		Debug|Any CPU = Debug|Any CPU
		Release|Any CPU = Release|Any CPU
	EndGlobalSection
	GlobalSection(ProjectConfigurationPlatforms) = postSolution
		{B32EBF46-3DFF-49E2-9173-7CDDC59796C0}.Debug|Any CPU.ActiveCfg = Debug|Any CPU
		{B32EBF46-3DFF-49E2-9173-7CDDC59796C0}.Debug|Any CPU.Build.0 = Debug|Any CPU
		{B32EBF46-3DFF-49E2-9173-7CDDC59796C0}.Release|Any CPU.ActiveCfg = Release|Any CPU
		{B32EBF46-3DFF-49E2-9173-7CDDC59796C0}.Release|Any CPU.Build.0 = Release|Any CPU
	EndGlobalSection
	GlobalSection(SolutionProperties) = preSolution
		HideSolutionNode = FALSE
	EndGlobalSection
	GlobalSection(ExtensibilityGlobals) = postSolution
		SolutionGuid = {D03F4666-4ACA-4648-B8E5-B1A602AF1406}
	EndGlobalSection
EndGlobal
